
Microsoft Visual Studio Solution File, Format Version 12.00
# Visual Studio Version 17
VisualStudioVersion = 17.11.35327.3
MinimumVisualStudioVersion = 10.0.40219.1
Project("{FAE04EC0-301F-11D3-BF4B-00C04F79EFBC}") = "HelloDotNetCoreWebAPI", "HelloDotNetCoreWebAPI\HelloDotNetCoreWebAPI.csproj", "{6DFF9D4B-64FA-4396-B924-08BF21B8F549}"
EndProject
Global
	GlobalSection(SolutionConfigurationPlatforms) = preSolution
		Debug|Any CPU = Debug|Any CPU
		Release|Any CPU = Release|Any CPU
	EndGlobalSection
	GlobalSection(ProjectConfigurationPlatforms) = postSolution
		{6DFF9D4B-64FA-4396-B924-08BF21B8F549}.Debug|Any CPU.ActiveCfg = Debug|Any CPU
		{6DFF9D4B-64FA-4396-B924-08BF21B8F549}.Debug|Any CPU.Build.0 = Debug|Any CPU
		{6DFF9D4B-64FA-4396-B924-08BF21B8F549}.Release|Any CPU.ActiveCfg = Release|Any CPU
		{6DFF9D4B-64FA-4396-B924-08BF21B8F549}.Release|Any CPU.Build.0 = Release|Any CPU
	EndGlobalSection
	GlobalSection(SolutionProperties) = preSolution
		HideSolutionNode = FALSE
	EndGlobalSection
	GlobalSection(ExtensibilityGlobals) = postSolution
		SolutionGuid = {70534D0D-1E56-4EB5-906B-D5DC8DFE6CDE}
	EndGlobalSection
EndGlobal
